{
  "name": "EVENT-PLANNER",
  "lockfileVersion": 2,
  "requires": true,
  "packages": {
    "": {
      "dependencies": {
        "cors-headers": "^1.0.0"
      }
    },
    "node_modules/cors-headers": {
      "version": "1.0.0",
      "resolved": "https://registry.npmjs.org/cors-headers/-/cors-headers-1.0.0.tgz",
      "integrity": "sha512-SpYEzyKhfZaYXcWaOAkbxkmGeBFp1kpnwVpTK4cFv+kCGSVmx/7+QxzfV2IvZ1QU3smgwIWn2/pBGgRS83u0gA=="
    }
  },
  "dependencies": {
    "cors-headers": {
      "version": "1.0.0",
      "resolved": "https://registry.npmjs.org/cors-headers/-/cors-headers-1.0.0.tgz",
      "integrity": "sha512-SpYEzyKhfZaYXcWaOAkbxkmGeBFp1kpnwVpTK4cFv+kCGSVmx/7+QxzfV2IvZ1QU3smgwIWn2/pBGgRS83u0gA=="
    }
  }
}
